
Microsoft Visual Studio Solution File, Format Version 12.00
# Visual Studio 15
VisualStudioVersion = 15.0.27130.2027
MinimumVisualStudioVersion = 10.0.40219.1
Project("{FAE04EC0-301F-11D3-BF4B-00C04F79EFBC}") = "AnimalFarm", "AnimalFarm\AnimalFarm.csproj", "{32AEC171-3440-43ED-822B-E7F89C5A8651}"
EndProject
Project("{FAE04EC0-301F-11D3-BF4B-00C04F79EFBC}") = "ClassBox", "ClassBox\ClassBox.csproj", "{7869524E-D360-426E-BE1C-4DDB69E1BB47}"
EndProject
Project("{FAE04EC0-301F-11D3-BF4B-00C04F79EFBC}") = "ShoppingSpree", "ShoppingSpree\ShoppingSpree.csproj", "{DD27EA1E-8A1B-49A3-B884-A99F65626669}"
EndProject
Global
	GlobalSection(SolutionConfigurationPlatforms) = preSolution
		Debug|Any CPU = Debug|Any CPU
		Release|Any CPU = Release|Any CPU
	EndGlobalSection
	GlobalSection(ProjectConfigurationPlatforms) = postSolution
		{32AEC171-3440-43ED-822B-E7F89C5A8651}.Debug|Any CPU.ActiveCfg = Debug|Any CPU
		{32AEC171-3440-43ED-822B-E7F89C5A8651}.Debug|Any CPU.Build.0 = Debug|Any CPU
		{32AEC171-3440-43ED-822B-E7F89C5A8651}.Release|Any CPU.ActiveCfg = Release|Any CPU
		{32AEC171-3440-43ED-822B-E7F89C5A8651}.Release|Any CPU.Build.0 = Release|Any CPU
		{7869524E-D360-426E-BE1C-4DDB69E1BB47}.Debug|Any CPU.ActiveCfg = Debug|Any CPU
		{7869524E-D360-426E-BE1C-4DDB69E1BB47}.Debug|Any CPU.Build.0 = Debug|Any CPU
		{7869524E-D360-426E-BE1C-4DDB69E1BB47}.Release|Any CPU.ActiveCfg = Release|Any CPU
		{7869524E-D360-426E-BE1C-4DDB69E1BB47}.Release|Any CPU.Build.0 = Release|Any CPU
		{DD27EA1E-8A1B-49A3-B884-A99F65626669}.Debug|Any CPU.ActiveCfg = Debug|Any CPU
		{DD27EA1E-8A1B-49A3-B884-A99F65626669}.Debug|Any CPU.Build.0 = Debug|Any CPU
		{DD27EA1E-8A1B-49A3-B884-A99F65626669}.Release|Any CPU.ActiveCfg = Release|Any CPU
		{DD27EA1E-8A1B-49A3-B884-A99F65626669}.Release|Any CPU.Build.0 = Release|Any CPU
	EndGlobalSection
	GlobalSection(SolutionProperties) = preSolution
		HideSolutionNode = FALSE
	EndGlobalSection
	GlobalSection(ExtensibilityGlobals) = postSolution
		SolutionGuid = {A31DF241-72D1-421F-B7B9-254AA28FA5B6}
	EndGlobalSection
EndGlobal
