
Microsoft Visual Studio Solution File, Format Version 12.00
# Visual Studio 15
VisualStudioVersion = 15.0.27130.2027
MinimumVisualStudioVersion = 10.0.40219.1
Project("{FAE04EC0-301F-11D3-BF4B-00C04F79EFBC}") = "01.DefiningClassPerson", "DefiningClassPerson\01.DefiningClassPerson.csproj", "{D6F2BAC0-2568-4A68-9D15-FDDE3FC8BBCC}"
EndProject
Project("{FAE04EC0-301F-11D3-BF4B-00C04F79EFBC}") = "03-04.OldestFamilyMember", "03.OldestFamilyMember\03-04.OldestFamilyMember.csproj", "{F0043F7C-19B2-406A-B946-D2E19329DF30}"
EndProject
Project("{FAE04EC0-301F-11D3-BF4B-00C04F79EFBC}") = "05.DateModifier", "DateModifier\05.DateModifier.csproj", "{9C107D12-81A7-43B7-A012-04299E46B827}"
EndProject
Project("{FAE04EC0-301F-11D3-BF4B-00C04F79EFBC}") = "06.Company Roster", "06.Company Roster\06.Company Roster.csproj", "{239ECDBA-482C-4520-B13C-10A195B1E451}"
EndProject
Project("{FAE04EC0-301F-11D3-BF4B-00C04F79EFBC}") = "07.SpeedRacing", "07.SpeedRacing\07.SpeedRacing.csproj", "{4352B994-2A71-403C-BE0B-FD9522ACAEB1}"
EndProject
Project("{FAE04EC0-301F-11D3-BF4B-00C04F79EFBC}") = "06.CompanyRoster_RecoveryEdition", "06.CompanyRoster_RecoveryEdition\06.CompanyRoster_RecoveryEdition.csproj", "{F8562096-C770-4334-BF04-70B071C4327D}"
EndProject
Global
	GlobalSection(SolutionConfigurationPlatforms) = preSolution
		Debug|Any CPU = Debug|Any CPU
		Release|Any CPU = Release|Any CPU
	EndGlobalSection
	GlobalSection(ProjectConfigurationPlatforms) = postSolution
		{D6F2BAC0-2568-4A68-9D15-FDDE3FC8BBCC}.Debug|Any CPU.ActiveCfg = Debug|Any CPU
		{D6F2BAC0-2568-4A68-9D15-FDDE3FC8BBCC}.Debug|Any CPU.Build.0 = Debug|Any CPU
		{D6F2BAC0-2568-4A68-9D15-FDDE3FC8BBCC}.Release|Any CPU.ActiveCfg = Release|Any CPU
		{D6F2BAC0-2568-4A68-9D15-FDDE3FC8BBCC}.Release|Any CPU.Build.0 = Release|Any CPU
		{F0043F7C-19B2-406A-B946-D2E19329DF30}.Debug|Any CPU.ActiveCfg = Debug|Any CPU
		{F0043F7C-19B2-406A-B946-D2E19329DF30}.Debug|Any CPU.Build.0 = Debug|Any CPU
		{F0043F7C-19B2-406A-B946-D2E19329DF30}.Release|Any CPU.ActiveCfg = Release|Any CPU
		{F0043F7C-19B2-406A-B946-D2E19329DF30}.Release|Any CPU.Build.0 = Release|Any CPU
		{9C107D12-81A7-43B7-A012-04299E46B827}.Debug|Any CPU.ActiveCfg = Debug|Any CPU
		{9C107D12-81A7-43B7-A012-04299E46B827}.Debug|Any CPU.Build.0 = Debug|Any CPU
		{9C107D12-81A7-43B7-A012-04299E46B827}.Release|Any CPU.ActiveCfg = Release|Any CPU
		{9C107D12-81A7-43B7-A012-04299E46B827}.Release|Any CPU.Build.0 = Release|Any CPU
		{239ECDBA-482C-4520-B13C-10A195B1E451}.Debug|Any CPU.ActiveCfg = Debug|Any CPU
		{239ECDBA-482C-4520-B13C-10A195B1E451}.Debug|Any CPU.Build.0 = Debug|Any CPU
		{239ECDBA-482C-4520-B13C-10A195B1E451}.Release|Any CPU.ActiveCfg = Release|Any CPU
		{239ECDBA-482C-4520-B13C-10A195B1E451}.Release|Any CPU.Build.0 = Release|Any CPU
		{4352B994-2A71-403C-BE0B-FD9522ACAEB1}.Debug|Any CPU.ActiveCfg = Debug|Any CPU
		{4352B994-2A71-403C-BE0B-FD9522ACAEB1}.Debug|Any CPU.Build.0 = Debug|Any CPU
		{4352B994-2A71-403C-BE0B-FD9522ACAEB1}.Release|Any CPU.ActiveCfg = Release|Any CPU
		{4352B994-2A71-403C-BE0B-FD9522ACAEB1}.Release|Any CPU.Build.0 = Release|Any CPU
		{F8562096-C770-4334-BF04-70B071C4327D}.Debug|Any CPU.ActiveCfg = Debug|Any CPU
		{F8562096-C770-4334-BF04-70B071C4327D}.Debug|Any CPU.Build.0 = Debug|Any CPU
		{F8562096-C770-4334-BF04-70B071C4327D}.Release|Any CPU.ActiveCfg = Release|Any CPU
		{F8562096-C770-4334-BF04-70B071C4327D}.Release|Any CPU.Build.0 = Release|Any CPU
	EndGlobalSection
	GlobalSection(SolutionProperties) = preSolution
		HideSolutionNode = FALSE
	EndGlobalSection
	GlobalSection(ExtensibilityGlobals) = postSolution
		SolutionGuid = {1F0078BB-1258-4A24-BF01-49898E76A2B5}
	EndGlobalSection
EndGlobal
